
Microsoft Visual Studio Solution File, Format Version 12.00
Project("{FAE04EC0-301F-11D3-BF4B-00C04F79EFBC}") = "DDDSample", "DDDSample\DDDSample.csproj", "{2DD7FD86-B865-4B49-B0B0-CE82614E09B9}"
EndProject
Project("{FAE04EC0-301F-11D3-BF4B-00C04F79EFBC}") = "DDDSample.Tests", "DDDSample.Tests\DDDSample.Tests.csproj", "{284C19DA-5810-4D09-BF7B-DBE38F6893E5}"
EndProject
Global
	GlobalSection(SolutionConfigurationPlatforms) = preSolution
		Debug|Any CPU = Debug|Any CPU
		Release|Any CPU = Release|Any CPU
	EndGlobalSection
	GlobalSection(ProjectConfigurationPlatforms) = postSolution
		{2DD7FD86-B865-4B49-B0B0-CE82614E09B9}.Debug|Any CPU.ActiveCfg = Debug|Any CPU
		{2DD7FD86-B865-4B49-B0B0-CE82614E09B9}.Debug|Any CPU.Build.0 = Debug|Any CPU
		{2DD7FD86-B865-4B49-B0B0-CE82614E09B9}.Release|Any CPU.ActiveCfg = Release|Any CPU
		{2DD7FD86-B865-4B49-B0B0-CE82614E09B9}.Release|Any CPU.Build.0 = Release|Any CPU
		{284C19DA-5810-4D09-BF7B-DBE38F6893E5}.Debug|Any CPU.ActiveCfg = Debug|Any CPU
		{284C19DA-5810-4D09-BF7B-DBE38F6893E5}.Debug|Any CPU.Build.0 = Debug|Any CPU
		{284C19DA-5810-4D09-BF7B-DBE38F6893E5}.Release|Any CPU.ActiveCfg = Release|Any CPU
		{284C19DA-5810-4D09-BF7B-DBE38F6893E5}.Release|Any CPU.Build.0 = Release|Any CPU
	EndGlobalSection
EndGlobal
